
Microsoft Visual Studio Solution File, Format Version 12.00
# Visual Studio for Mac
Project("{FAE04EC0-301F-11D3-BF4B-00C04F79EFBC}") = "week4", "week4.csproj", "{0C67206B-3AFE-FF79-0AF6-BA74B7F1AA77}"
EndProject
Project("{FAE04EC0-301F-11D3-BF4B-00C04F79EFBC}") = "week4.Editor", "week4.Editor.csproj", "{1CA7E718-AD4C-8210-264C-2F58B3DACFD1}"
EndProject
Global
	GlobalSection(SolutionConfigurationPlatforms) = preSolution
		Debug|Any CPU = Debug|Any CPU
		Release|Any CPU = Release|Any CPU
	EndGlobalSection
	GlobalSection(ProjectConfigurationPlatforms) = postSolution
		{0C67206B-3AFE-FF79-0AF6-BA74B7F1AA77}.Debug|Any CPU.ActiveCfg = Debug|Any CPU
		{0C67206B-3AFE-FF79-0AF6-BA74B7F1AA77}.Debug|Any CPU.Build.0 = Debug|Any CPU
		{0C67206B-3AFE-FF79-0AF6-BA74B7F1AA77}.Release|Any CPU.ActiveCfg = Release|Any CPU
		{0C67206B-3AFE-FF79-0AF6-BA74B7F1AA77}.Release|Any CPU.Build.0 = Release|Any CPU
		{1CA7E718-AD4C-8210-264C-2F58B3DACFD1}.Debug|Any CPU.ActiveCfg = Debug|Any CPU
		{1CA7E718-AD4C-8210-264C-2F58B3DACFD1}.Debug|Any CPU.Build.0 = Debug|Any CPU
		{1CA7E718-AD4C-8210-264C-2F58B3DACFD1}.Release|Any CPU.ActiveCfg = Release|Any CPU
		{1CA7E718-AD4C-8210-264C-2F58B3DACFD1}.Release|Any CPU.Build.0 = Release|Any CPU
	EndGlobalSection
	GlobalSection(SolutionProperties) = preSolution
		HideSolutionNode = FALSE
	EndGlobalSection
EndGlobal
